
Microsoft Visual Studio Solution File, Format Version 12.00
# Visual Studio Version 17
VisualStudioVersion = 17.7.34221.43
MinimumVisualStudioVersion = 10.0.40219.1
Project("{9A19103F-16F7-4668-BE54-9A1E7A4F7556}") = "Labb_2", "Labb_2\Labb_2.csproj", "{95F3D9AF-63E8-4136-A900-A5D77085579D}"
EndProject
Project("{FAE04EC0-301F-11D3-BF4B-00C04F79EFBC}") = "Labb2", "Labb2\Labb2.csproj", "{A3B3014D-9D5F-4A90-9BCD-8B1521876122}"
EndProject
Global
	GlobalSection(SolutionConfigurationPlatforms) = preSolution
		Debug|Any CPU = Debug|Any CPU
		Release|Any CPU = Release|Any CPU
	EndGlobalSection
	GlobalSection(ProjectConfigurationPlatforms) = postSolution
		{95F3D9AF-63E8-4136-A900-A5D77085579D}.Debug|Any CPU.ActiveCfg = Debug|Any CPU
		{95F3D9AF-63E8-4136-A900-A5D77085579D}.Debug|Any CPU.Build.0 = Debug|Any CPU
		{95F3D9AF-63E8-4136-A900-A5D77085579D}.Release|Any CPU.ActiveCfg = Release|Any CPU
		{95F3D9AF-63E8-4136-A900-A5D77085579D}.Release|Any CPU.Build.0 = Release|Any CPU
		{A3B3014D-9D5F-4A90-9BCD-8B1521876122}.Debug|Any CPU.ActiveCfg = Debug|Any CPU
		{A3B3014D-9D5F-4A90-9BCD-8B1521876122}.Debug|Any CPU.Build.0 = Debug|Any CPU
		{A3B3014D-9D5F-4A90-9BCD-8B1521876122}.Release|Any CPU.ActiveCfg = Release|Any CPU
		{A3B3014D-9D5F-4A90-9BCD-8B1521876122}.Release|Any CPU.Build.0 = Release|Any CPU
	EndGlobalSection
	GlobalSection(SolutionProperties) = preSolution
		HideSolutionNode = FALSE
	EndGlobalSection
	GlobalSection(ExtensibilityGlobals) = postSolution
		SolutionGuid = {E3B1AB12-9D87-45A3-9011-4297AA8441B0}
	EndGlobalSection
EndGlobal
